{
  "version": 4,
  "terraform_version": "1.5.7",
  "serial": 10,
  "lineage": "8412efa2-6f5b-3cf5-93c3-824c0628ebaa",
  "outputs": {},
  "resources": [
    {
      "mode": "data",
      "type": "azurerm_client_config",
      "name": "current",
      "provider": "provider[\"registry.terraform.io/hashicorp/azurerm\"]",
      "instances": [
        {
          "schema_version": 0,
          "attributes": {
            "client_id": "04b07795-8ddb-461a-bbee-02f9e1bf7b46",
            "id": "Y2xpZW50Q29uZmlncy9jbGllbnRJZD0wNGIwNzc5NS04ZGRiLTQ2MWEtYmJlZS0wMmY5ZTFiZjdiNDY7b2JqZWN0SWQ9YjdmOTVkYjktNzU1OC00ZTUwLWE5ZjgtYWY2ZWY3ODJmNzg4O3N1YnNjcmlwdGlvbklkPWZjZDVhYzExLTg5ZTctNDNiZC1iZTQxLWFhMWIzOTY3MjU5Mzt0ZW5hbnRJZD02M2M2N2FjMy1kYjNkLTQ3YmQtODgxOC00NDlkNjc0MWNlMmI=",
            "object_id": "b7f95db9-7558-4e50-a9f8-af6ef782f788",
            "subscription_id": "fcd5ac11-89e7-43bd-be41-aa1b39672593",
            "tenant_id": "63c67ac3-db3d-47bd-8818-449d6741ce2b",
            "timeouts": null
          },
          "sensitive_attributes": []
        }
      ]
    },
    {
      "module": "module.cosmosdb_account",
      "mode": "managed",
      "type": "azurerm_cosmosdb_account",
      "name": "db",
      "provider": "provider[\"registry.terraform.io/hashicorp/azurerm\"]",
      "instances": [
        {
          "schema_version": 0,
          "attributes": {
            "access_key_metadata_writes_enabled": true,
            "analytical_storage": [
              {
                "schema_type": "FullFidelity"
              }
            ],
            "analytical_storage_enabled": false,
            "backup": [
              {
                "interval_in_minutes": 240,
                "retention_in_hours": 8,
                "storage_redundancy": "Geo",
                "type": "Periodic"
              }
            ],
            "capabilities": [
              {
                "name": "EnableAggregationPipeline"
              },
              {
                "name": "EnableMongo"
              },
              {
                "name": "MongoDBv3.4"
              },
              {
                "name": "mongoEnableDocLevelTTL"
              }
            ],
            "capacity": [],
            "connection_strings": [
              "mongodb://techslate-ade-vkcosmosdb:mglycYLTO6SMeH1yPfVeBVOhHSVEp6DoSFuTcGg0Dy6d3eczSkeUH9LFwufIOyZgUXnM58c0kov8ACDb1yCnzg==@techslate-ade-vkcosmosdb.mongo.cosmos.azure.com:10255/?ssl=true\u0026replicaSet=globaldb\u0026retrywrites=false\u0026maxIdleTimeMS=120000\u0026appName=@techslate-ade-vkcosmosdb@",
              "mongodb://techslate-ade-vkcosmosdb:TCiKIo0WtXazbEbyXeFMzh4g14dQhY08tBCHXu8FUCUBHlj7ppySZ4TA3gwHB8ai9T3VbGBIZuzeACDbWVsG0g==@techslate-ade-vkcosmosdb.mongo.cosmos.azure.com:10255/?ssl=true\u0026replicaSet=globaldb\u0026retrywrites=false\u0026maxIdleTimeMS=120000\u0026appName=@techslate-ade-vkcosmosdb@",
              "mongodb://techslate-ade-vkcosmosdb:TPwCjw49gAXibZ0SxOKzDcX0eqefmP5NFEqQKhRtUfQ7Ju2xfDvG9H2finYYw7PVhrwfdIbxMY62ACDbOnEuiA==@techslate-ade-vkcosmosdb.mongo.cosmos.azure.com:10255/?ssl=true\u0026replicaSet=globaldb\u0026retrywrites=false\u0026maxIdleTimeMS=120000\u0026appName=@techslate-ade-vkcosmosdb@",
              "mongodb://techslate-ade-vkcosmosdb:75mF2yU9zOyVZWnBX5P1kaoCOo7sHGCMcmpTERrhTpwy3AHWNW30K2PEqTPOyE2hiinFXs2Q8oxkACDb1O4wtg==@techslate-ade-vkcosmosdb.mongo.cosmos.azure.com:10255/?ssl=true\u0026replicaSet=globaldb\u0026retrywrites=false\u0026maxIdleTimeMS=120000\u0026appName=@techslate-ade-vkcosmosdb@"
            ],
            "consistency_policy": [
              {
                "consistency_level": "BoundedStaleness",
                "max_interval_in_seconds": 300,
                "max_staleness_prefix": 100000
              }
            ],
            "cors_rule": [],
            "create_mode": "",
            "default_identity_type": "FirstPartyIdentity",
            "enable_automatic_failover": true,
            "enable_free_tier": false,
            "enable_multiple_write_locations": false,
            "endpoint": "https://techslate-ade-vkcosmosdb.documents.azure.com:443/",
            "geo_location": [
              {
                "failover_priority": 0,
                "id": "techslate-ade-vkcosmosdb-westus",
                "location": "westus",
                "zone_redundant": false
              },
              {
                "failover_priority": 1,
                "id": "techslate-ade-vkcosmosdb-eastus",
                "location": "eastus",
                "zone_redundant": false
              }
            ],
            "id": "/subscriptions/fcd5ac11-89e7-43bd-be41-aa1b39672593/resourceGroups/techslate-ade-rg/providers/Microsoft.DocumentDB/databaseAccounts/techslate-ade-vkcosmosdb",
            "identity": [],
            "ip_range_filter": "",
            "is_virtual_network_filter_enabled": false,
            "key_vault_key_id": null,
            "kind": "MongoDB",
            "local_authentication_disabled": false,
            "location": "northeurope",
            "mongo_server_version": "3.6",
            "name": "techslate-ade-vkcosmosdb",
            "network_acl_bypass_for_azure_services": false,
            "network_acl_bypass_ids": null,
            "offer_type": "Standard",
            "primary_key": "mglycYLTO6SMeH1yPfVeBVOhHSVEp6DoSFuTcGg0Dy6d3eczSkeUH9LFwufIOyZgUXnM58c0kov8ACDb1yCnzg==",
            "primary_mongodb_connection_string": "mongodb://techslate-ade-vkcosmosdb:mglycYLTO6SMeH1yPfVeBVOhHSVEp6DoSFuTcGg0Dy6d3eczSkeUH9LFwufIOyZgUXnM58c0kov8ACDb1yCnzg==@techslate-ade-vkcosmosdb.mongo.cosmos.azure.com:10255/?ssl=true\u0026replicaSet=globaldb\u0026retrywrites=false\u0026maxIdleTimeMS=120000\u0026appName=@techslate-ade-vkcosmosdb@",
            "primary_readonly_key": "TPwCjw49gAXibZ0SxOKzDcX0eqefmP5NFEqQKhRtUfQ7Ju2xfDvG9H2finYYw7PVhrwfdIbxMY62ACDbOnEuiA==",
            "primary_readonly_mongodb_connection_string": "mongodb://techslate-ade-vkcosmosdb:TPwCjw49gAXibZ0SxOKzDcX0eqefmP5NFEqQKhRtUfQ7Ju2xfDvG9H2finYYw7PVhrwfdIbxMY62ACDbOnEuiA==@techslate-ade-vkcosmosdb.mongo.cosmos.azure.com:10255/?ssl=true\u0026replicaSet=globaldb\u0026retrywrites=false\u0026maxIdleTimeMS=120000\u0026appName=@techslate-ade-vkcosmosdb@",
            "primary_readonly_sql_connection_string": null,
            "primary_sql_connection_string": null,
            "public_network_access_enabled": true,
            "read_endpoints": [
              "https://techslate-ade-vkcosmosdb-westus.documents.azure.com:443/",
              "https://techslate-ade-vkcosmosdb-eastus.documents.azure.com:443/"
            ],
            "resource_group_name": "techslate-ade-rg",
            "restore": [],
            "secondary_key": "TCiKIo0WtXazbEbyXeFMzh4g14dQhY08tBCHXu8FUCUBHlj7ppySZ4TA3gwHB8ai9T3VbGBIZuzeACDbWVsG0g==",
            "secondary_mongodb_connection_string": "mongodb://techslate-ade-vkcosmosdb:TCiKIo0WtXazbEbyXeFMzh4g14dQhY08tBCHXu8FUCUBHlj7ppySZ4TA3gwHB8ai9T3VbGBIZuzeACDbWVsG0g==@techslate-ade-vkcosmosdb.mongo.cosmos.azure.com:10255/?ssl=true\u0026replicaSet=globaldb\u0026retrywrites=false\u0026maxIdleTimeMS=120000\u0026appName=@techslate-ade-vkcosmosdb@",
            "secondary_readonly_key": "75mF2yU9zOyVZWnBX5P1kaoCOo7sHGCMcmpTERrhTpwy3AHWNW30K2PEqTPOyE2hiinFXs2Q8oxkACDb1O4wtg==",
            "secondary_readonly_mongodb_connection_string": "mongodb://techslate-ade-vkcosmosdb:75mF2yU9zOyVZWnBX5P1kaoCOo7sHGCMcmpTERrhTpwy3AHWNW30K2PEqTPOyE2hiinFXs2Q8oxkACDb1O4wtg==@techslate-ade-vkcosmosdb.mongo.cosmos.azure.com:10255/?ssl=true\u0026replicaSet=globaldb\u0026retrywrites=false\u0026maxIdleTimeMS=120000\u0026appName=@techslate-ade-vkcosmosdb@",
            "secondary_readonly_sql_connection_string": null,
            "secondary_sql_connection_string": null,
            "tags": null,
            "timeouts": null,
            "virtual_network_rule": [],
            "write_endpoints": [
              "https://techslate-ade-vkcosmosdb-westus.documents.azure.com:443/"
            ]
          },
          "sensitive_attributes": [],
          "private": "eyJlMmJmYjczMC1lY2FhLTExZTYtOGY4OC0zNDM2M2JjN2M0YzAiOnsiY3JlYXRlIjoxMDgwMDAwMDAwMDAwMCwiZGVsZXRlIjoxMDgwMDAwMDAwMDAwMCwicmVhZCI6MzAwMDAwMDAwMDAwLCJ1cGRhdGUiOjEwODAwMDAwMDAwMDAwfX0=",
          "dependencies": [
            "data.azurerm_client_config.current",
            "module.key_vault.azurerm_key_vault.key_vault",
            "module.key_vault.azurerm_key_vault_access_policy.key_vault_access_policy",
            "module.resource_group.azurerm_resource_group.example"
          ]
        }
      ]
    },
    {
      "module": "module.key_vault",
      "mode": "managed",
      "type": "azurerm_key_vault",
      "name": "key_vault",
      "provider": "provider[\"registry.terraform.io/hashicorp/azurerm\"]",
      "instances": [
        {
          "schema_version": 2,
          "attributes": {
            "access_policy": [],
            "contact": [],
            "enable_rbac_authorization": false,
            "enabled_for_deployment": false,
            "enabled_for_disk_encryption": true,
            "enabled_for_template_deployment": false,
            "id": "/subscriptions/fcd5ac11-89e7-43bd-be41-aa1b39672593/resourceGroups/techslate-ade-rg/providers/Microsoft.KeyVault/vaults/techslate-ade-vittal",
            "location": "northeurope",
            "name": "techslate-ade-vittal",
            "network_acls": [
              {
                "bypass": "AzureServices",
                "default_action": "Allow",
                "ip_rules": [],
                "virtual_network_subnet_ids": []
              }
            ],
            "public_network_access_enabled": true,
            "purge_protection_enabled": false,
            "resource_group_name": "techslate-ade-rg",
            "sku_name": "standard",
            "soft_delete_retention_days": 7,
            "tags": null,
            "tenant_id": "63c67ac3-db3d-47bd-8818-449d6741ce2b",
            "timeouts": null,
            "vault_uri": "https://techslate-ade-vittal.vault.azure.net/"
          },
          "sensitive_attributes": [],
          "private": "eyJlMmJmYjczMC1lY2FhLTExZTYtOGY4OC0zNDM2M2JjN2M0YzAiOnsiY3JlYXRlIjoxODAwMDAwMDAwMDAwLCJkZWxldGUiOjE4MDAwMDAwMDAwMDAsInJlYWQiOjMwMDAwMDAwMDAwMCwidXBkYXRlIjoxODAwMDAwMDAwMDAwfSwic2NoZW1hX3ZlcnNpb24iOiIyIn0=",
          "dependencies": [
            "data.azurerm_client_config.current",
            "module.resource_group.azurerm_resource_group.example"
          ]
        }
      ]
    },
    {
      "module": "module.key_vault",
      "mode": "managed",
      "type": "azurerm_key_vault_access_policy",
      "name": "key_vault_access_policy",
      "provider": "provider[\"registry.terraform.io/hashicorp/azurerm\"]",
      "instances": [
        {
          "schema_version": 0,
          "attributes": {
            "application_id": null,
            "certificate_permissions": null,
            "id": "/subscriptions/fcd5ac11-89e7-43bd-be41-aa1b39672593/resourceGroups/techslate-ade-rg/providers/Microsoft.KeyVault/vaults/techslate-ade-vittal/objectId/b7f95db9-7558-4e50-a9f8-af6ef782f788",
            "key_permissions": [
              "List"
            ],
            "key_vault_id": "/subscriptions/fcd5ac11-89e7-43bd-be41-aa1b39672593/resourceGroups/techslate-ade-rg/providers/Microsoft.KeyVault/vaults/techslate-ade-vittal",
            "object_id": "b7f95db9-7558-4e50-a9f8-af6ef782f788",
            "secret_permissions": [
              "Get",
              "List",
              "Set",
              "Delete",
              "Purge"
            ],
            "storage_permissions": null,
            "tenant_id": "63c67ac3-db3d-47bd-8818-449d6741ce2b",
            "timeouts": null
          },
          "sensitive_attributes": [],
          "private": "eyJlMmJmYjczMC1lY2FhLTExZTYtOGY4OC0zNDM2M2JjN2M0YzAiOnsiY3JlYXRlIjoxODAwMDAwMDAwMDAwLCJkZWxldGUiOjE4MDAwMDAwMDAwMDAsInJlYWQiOjMwMDAwMDAwMDAwMCwidXBkYXRlIjoxODAwMDAwMDAwMDAwfX0=",
          "dependencies": [
            "data.azurerm_client_config.current",
            "module.key_vault.azurerm_key_vault.key_vault",
            "module.resource_group.azurerm_resource_group.example"
          ]
        }
      ]
    },
    {
      "module": "module.key_vault_secret",
      "mode": "managed",
      "type": "azurerm_key_vault_secret",
      "name": "key_vault_secret",
      "provider": "provider[\"registry.terraform.io/hashicorp/azurerm\"]",
      "instances": [
        {
          "index_key": "cosmos-db-primary-key",
          "schema_version": 0,
          "attributes": {
            "content_type": "",
            "expiration_date": null,
            "id": "https://techslate-ade-vittal.vault.azure.net/secrets/cosmos-db-primary-key/9cc40159a9974bf283a77d7296ec4a51",
            "key_vault_id": "/subscriptions/fcd5ac11-89e7-43bd-be41-aa1b39672593/resourceGroups/techslate-ade-rg/providers/Microsoft.KeyVault/vaults/techslate-ade-vittal",
            "name": "cosmos-db-primary-key",
            "not_before_date": null,
            "resource_id": "/subscriptions/fcd5ac11-89e7-43bd-be41-aa1b39672593/resourceGroups/techslate-ade-rg/providers/Microsoft.KeyVault/vaults/techslate-ade-vittal/secrets/cosmos-db-primary-key/versions/9cc40159a9974bf283a77d7296ec4a51",
            "resource_versionless_id": "/subscriptions/fcd5ac11-89e7-43bd-be41-aa1b39672593/resourceGroups/techslate-ade-rg/providers/Microsoft.KeyVault/vaults/techslate-ade-vittal/secrets/cosmos-db-primary-key",
            "tags": null,
            "timeouts": null,
            "value": "mglycYLTO6SMeH1yPfVeBVOhHSVEp6DoSFuTcGg0Dy6d3eczSkeUH9LFwufIOyZgUXnM58c0kov8ACDb1yCnzg==",
            "version": "9cc40159a9974bf283a77d7296ec4a51",
            "versionless_id": "https://techslate-ade-vittal.vault.azure.net/secrets/cosmos-db-primary-key"
          },
          "sensitive_attributes": [
            [
              {
                "type": "get_attr",
                "value": "value"
              }
            ]
          ],
          "private": "eyJlMmJmYjczMC1lY2FhLTExZTYtOGY4OC0zNDM2M2JjN2M0YzAiOnsiY3JlYXRlIjoxODAwMDAwMDAwMDAwLCJkZWxldGUiOjE4MDAwMDAwMDAwMDAsInJlYWQiOjE4MDAwMDAwMDAwMDAsInVwZGF0ZSI6MTgwMDAwMDAwMDAwMH19",
          "dependencies": [
            "data.azurerm_client_config.current",
            "module.cosmosdb_account.azurerm_cosmosdb_account.db",
            "module.key_vault.azurerm_key_vault.key_vault",
            "module.key_vault.azurerm_key_vault_access_policy.key_vault_access_policy",
            "module.resource_group.azurerm_resource_group.example"
          ]
        },
        {
          "index_key": "cosmos-db-secondary-key",
          "schema_version": 0,
          "attributes": {
            "content_type": "",
            "expiration_date": null,
            "id": "https://techslate-ade-vittal.vault.azure.net/secrets/cosmos-db-secondary-key/8f1357764275489495bcf17de235246f",
            "key_vault_id": "/subscriptions/fcd5ac11-89e7-43bd-be41-aa1b39672593/resourceGroups/techslate-ade-rg/providers/Microsoft.KeyVault/vaults/techslate-ade-vittal",
            "name": "cosmos-db-secondary-key",
            "not_before_date": null,
            "resource_id": "/subscriptions/fcd5ac11-89e7-43bd-be41-aa1b39672593/resourceGroups/techslate-ade-rg/providers/Microsoft.KeyVault/vaults/techslate-ade-vittal/secrets/cosmos-db-secondary-key/versions/8f1357764275489495bcf17de235246f",
            "resource_versionless_id": "/subscriptions/fcd5ac11-89e7-43bd-be41-aa1b39672593/resourceGroups/techslate-ade-rg/providers/Microsoft.KeyVault/vaults/techslate-ade-vittal/secrets/cosmos-db-secondary-key",
            "tags": null,
            "timeouts": null,
            "value": "TCiKIo0WtXazbEbyXeFMzh4g14dQhY08tBCHXu8FUCUBHlj7ppySZ4TA3gwHB8ai9T3VbGBIZuzeACDbWVsG0g==",
            "version": "8f1357764275489495bcf17de235246f",
            "versionless_id": "https://techslate-ade-vittal.vault.azure.net/secrets/cosmos-db-secondary-key"
          },
          "sensitive_attributes": [
            [
              {
                "type": "get_attr",
                "value": "value"
              }
            ]
          ],
          "private": "eyJlMmJmYjczMC1lY2FhLTExZTYtOGY4OC0zNDM2M2JjN2M0YzAiOnsiY3JlYXRlIjoxODAwMDAwMDAwMDAwLCJkZWxldGUiOjE4MDAwMDAwMDAwMDAsInJlYWQiOjE4MDAwMDAwMDAwMDAsInVwZGF0ZSI6MTgwMDAwMDAwMDAwMH19",
          "dependencies": [
            "data.azurerm_client_config.current",
            "module.cosmosdb_account.azurerm_cosmosdb_account.db",
            "module.key_vault.azurerm_key_vault.key_vault",
            "module.key_vault.azurerm_key_vault_access_policy.key_vault_access_policy",
            "module.resource_group.azurerm_resource_group.example"
          ]
        }
      ]
    },
    {
      "module": "module.key_vault_secret",
      "mode": "managed",
      "type": "random_password",
      "name": "random_password",
      "provider": "provider[\"registry.terraform.io/hashicorp/random\"]",
      "instances": [
        {
          "schema_version": 3,
          "attributes": {
            "bcrypt_hash": "$2a$10$AS//0AFFn0XqUPmqFXeOvuVs.4pAfeqZH../uWcGP87TICOSgkX9S",
            "id": "none",
            "keepers": null,
            "length": 20,
            "lower": true,
            "min_lower": 0,
            "min_numeric": 0,
            "min_special": 0,
            "min_upper": 0,
            "number": true,
            "numeric": true,
            "override_special": null,
            "result": "2+XRG}Dom$!nT1*iSk*J",
            "special": true,
            "upper": true
          },
          "sensitive_attributes": [],
          "dependencies": [
            "data.azurerm_client_config.current",
            "module.cosmosdb_account.azurerm_cosmosdb_account.db",
            "module.key_vault.azurerm_key_vault.key_vault",
            "module.key_vault.azurerm_key_vault_access_policy.key_vault_access_policy",
            "module.resource_group.azurerm_resource_group.example"
          ]
        }
      ]
    },
    {
      "module": "module.resource_group",
      "mode": "managed",
      "type": "azurerm_resource_group",
      "name": "example",
      "provider": "provider[\"registry.terraform.io/hashicorp/azurerm\"]",
      "instances": [
        {
          "schema_version": 0,
          "attributes": {
            "id": "/subscriptions/fcd5ac11-89e7-43bd-be41-aa1b39672593/resourceGroups/techslate-ade-rg",
            "location": "northeurope",
            "managed_by": "",
            "name": "techslate-ade-rg",
            "tags": {
              "cost": "163",
              "dept": "finance",
              "env": "dev",
              "source": "terraform"
            },
            "timeouts": null
          },
          "sensitive_attributes": [],
          "private": "eyJlMmJmYjczMC1lY2FhLTExZTYtOGY4OC0zNDM2M2JjN2M0YzAiOnsiY3JlYXRlIjo1NDAwMDAwMDAwMDAwLCJkZWxldGUiOjU0MDAwMDAwMDAwMDAsInJlYWQiOjMwMDAwMDAwMDAwMCwidXBkYXRlIjo1NDAwMDAwMDAwMDAwfX0="
        }
      ]
    }
  ],
  "check_results": null
}
